
Microsoft Visual Studio Solution File, Format Version 12.00
# Visual Studio Version 17
VisualStudioVersion = 17.12.35514.174 d17.12
MinimumVisualStudioVersion = 10.0.40219.1
Project("{FAE04EC0-301F-11D3-BF4B-00C04F79EFBC}") = "124 Lista sortowana - liczby w okreslonym zakresie", "124 Lista sortowana - liczby w okreslonym zakresie\124 Lista sortowana - liczby w okreslonym zakresie.csproj", "{A45D1922-574D-4994-9E8E-E4548C71485C}"
EndProject
Global
	GlobalSection(SolutionConfigurationPlatforms) = preSolution
		Debug|Any CPU = Debug|Any CPU
		Release|Any CPU = Release|Any CPU
	EndGlobalSection
	GlobalSection(ProjectConfigurationPlatforms) = postSolution
		{A45D1922-574D-4994-9E8E-E4548C71485C}.Debug|Any CPU.ActiveCfg = Debug|Any CPU
		{A45D1922-574D-4994-9E8E-E4548C71485C}.Debug|Any CPU.Build.0 = Debug|Any CPU
		{A45D1922-574D-4994-9E8E-E4548C71485C}.Release|Any CPU.ActiveCfg = Release|Any CPU
		{A45D1922-574D-4994-9E8E-E4548C71485C}.Release|Any CPU.Build.0 = Release|Any CPU
	EndGlobalSection
	GlobalSection(SolutionProperties) = preSolution
		HideSolutionNode = FALSE
	EndGlobalSection
EndGlobal
