
Microsoft Visual Studio Solution File, Format Version 12.00
# Visual Studio Version 17
VisualStudioVersion = 17.12.35514.174 d17.12
MinimumVisualStudioVersion = 10.0.40219.1
Project("{FAE04EC0-301F-11D3-BF4B-00C04F79EFBC}") = "107 ZapisOdczyt - Utworzenie + zapis", "107 ZapisOdczyt - Utworzenie + zapis\107 ZapisOdczyt - Utworzenie + zapis.csproj", "{48727F21-53D6-4C90-AD83-EC979239DFE0}"
EndProject
Global
	GlobalSection(SolutionConfigurationPlatforms) = preSolution
		Debug|Any CPU = Debug|Any CPU
		Release|Any CPU = Release|Any CPU
	EndGlobalSection
	GlobalSection(ProjectConfigurationPlatforms) = postSolution
		{48727F21-53D6-4C90-AD83-EC979239DFE0}.Debug|Any CPU.ActiveCfg = Debug|Any CPU
		{48727F21-53D6-4C90-AD83-EC979239DFE0}.Debug|Any CPU.Build.0 = Debug|Any CPU
		{48727F21-53D6-4C90-AD83-EC979239DFE0}.Release|Any CPU.ActiveCfg = Release|Any CPU
		{48727F21-53D6-4C90-AD83-EC979239DFE0}.Release|Any CPU.Build.0 = Release|Any CPU
	EndGlobalSection
	GlobalSection(SolutionProperties) = preSolution
		HideSolutionNode = FALSE
	EndGlobalSection
EndGlobal
