
Microsoft Visual Studio Solution File, Format Version 12.00
# Visual Studio Version 17
VisualStudioVersion = 17.12.35514.174 d17.12
MinimumVisualStudioVersion = 10.0.40219.1
Project("{FAE04EC0-301F-11D3-BF4B-00C04F79EFBC}") = "Zwierze konstruktor 44", "Zwierze konstruktor 44\Zwierze konstruktor 44.csproj", "{E32308DA-B734-44F1-A22B-E4C7E29FDF56}"
EndProject
Global
	GlobalSection(SolutionConfigurationPlatforms) = preSolution
		Debug|Any CPU = Debug|Any CPU
		Release|Any CPU = Release|Any CPU
	EndGlobalSection
	GlobalSection(ProjectConfigurationPlatforms) = postSolution
		{E32308DA-B734-44F1-A22B-E4C7E29FDF56}.Debug|Any CPU.ActiveCfg = Debug|Any CPU
		{E32308DA-B734-44F1-A22B-E4C7E29FDF56}.Debug|Any CPU.Build.0 = Debug|Any CPU
		{E32308DA-B734-44F1-A22B-E4C7E29FDF56}.Release|Any CPU.ActiveCfg = Release|Any CPU
		{E32308DA-B734-44F1-A22B-E4C7E29FDF56}.Release|Any CPU.Build.0 = Release|Any CPU
	EndGlobalSection
	GlobalSection(SolutionProperties) = preSolution
		HideSolutionNode = FALSE
	EndGlobalSection
EndGlobal
